{
  "nodes": {
    "home-manager": {
      "inputs": {
        "nixpkgs": [
          "nixpkgs"
        ]
      },
      "locked": {
        "lastModified": 1713732794,
        "narHash": "sha256-AYCofb8Zu4Mbc1lHDtju/uxeARawRijmOueAqEMEfMU=",
        "owner": "nix-community",
        "repo": "home-manager",
        "rev": "670d9ecc3e46a6e3265c203c2d136031a3d3548e",
        "type": "github"
      },
      "original": {
        "owner": "nix-community",
        "ref": "master",
        "repo": "home-manager",
        "type": "github"
      }
    },
    "nixpkgs": {
      "locked": {
        "lastModified": 1713689773,
        "narHash": "sha256-4M4c9n6sYbT7Sd/RvB9pej+7BoP7X1lNrFiboNV4O7I=",
        "owner": "NixOS",
        "repo": "nixpkgs",
        "rev": "a8a8401b7b26112a9b75d6c00306e160fe8f8cb3",
        "type": "github"
      },
      "original": {
        "id": "nixpkgs",
        "ref": "nixos-unstable-small",
        "type": "indirect"
      }
    },
    "root": {
      "inputs": {
        "home-manager": "home-manager",
        "nixpkgs": "nixpkgs"
      }
    }
  },
  "root": "root",
  "version": 7
}
